
Microsoft Visual Studio Solution File, Format Version 12.00
# Visual Studio Version 16
VisualStudioVersion = 16.0.29609.76
MinimumVisualStudioVersion = 10.0.40219.1
Project("{9A19103F-16F7-4668-BE54-9A1E7A4F7556}") = "Workbench-SP-AzF-test", "Workbench-SP-AzF-test.csproj", "{D9217CBB-07DE-45FD-930B-87B22C132B76}"
EndProject
Global
	GlobalSection(SolutionConfigurationPlatforms) = preSolution
		Debug|Any CPU = Debug|Any CPU
		Release|Any CPU = Release|Any CPU
	EndGlobalSection
	GlobalSection(ProjectConfigurationPlatforms) = postSolution
		{D9217CBB-07DE-45FD-930B-87B22C132B76}.Debug|Any CPU.ActiveCfg = Debug|Any CPU
		{D9217CBB-07DE-45FD-930B-87B22C132B76}.Debug|Any CPU.Build.0 = Debug|Any CPU
		{D9217CBB-07DE-45FD-930B-87B22C132B76}.Release|Any CPU.ActiveCfg = Release|Any CPU
		{D9217CBB-07DE-45FD-930B-87B22C132B76}.Release|Any CPU.Build.0 = Release|Any CPU
	EndGlobalSection
	GlobalSection(SolutionProperties) = preSolution
		HideSolutionNode = FALSE
	EndGlobalSection
	GlobalSection(ExtensibilityGlobals) = postSolution
		SolutionGuid = {6725BC82-62C8-4C20-8164-A2A08EEC4A82}
	EndGlobalSection
EndGlobal
